
Microsoft Visual Studio Solution File, Format Version 10.00
# Visual Studio 2008
Project("{FAE04EC0-301F-11D3-BF4B-00C04F79EFBC}") = "MainStationFrontEnd", "MainStationFrontEnd\MainStationFrontEnd.csproj", "{718AE9EA-1C8C-4643-93D9-80680DB5B96E}"
EndProject
Project("{FAE04EC0-301F-11D3-BF4B-00C04F79EFBC}") = "SynergySequence", "SynergySequence\SynergySequence.csproj", "{80813922-BFA7-41DC-9DC0-2E86A0AB59F9}"
EndProject
Project("{FAE04EC0-301F-11D3-BF4B-00C04F79EFBC}") = "DesktopCodeBlocks", "DesktopCodeBlocks\DesktopCodeBlocks.csproj", "{88F52436-24FE-48C4-8E14-2F8E8E8B5476}"
EndProject
Global
	GlobalSection(SolutionConfigurationPlatforms) = preSolution
		Debug|Any CPU = Debug|Any CPU
		Release|Any CPU = Release|Any CPU
	EndGlobalSection
	GlobalSection(ProjectConfigurationPlatforms) = postSolution
		{718AE9EA-1C8C-4643-93D9-80680DB5B96E}.Debug|Any CPU.ActiveCfg = Debug|Any CPU
		{718AE9EA-1C8C-4643-93D9-80680DB5B96E}.Debug|Any CPU.Build.0 = Debug|Any CPU
		{718AE9EA-1C8C-4643-93D9-80680DB5B96E}.Release|Any CPU.ActiveCfg = Release|Any CPU
		{718AE9EA-1C8C-4643-93D9-80680DB5B96E}.Release|Any CPU.Build.0 = Release|Any CPU
		{80813922-BFA7-41DC-9DC0-2E86A0AB59F9}.Debug|Any CPU.ActiveCfg = Debug|Any CPU
		{80813922-BFA7-41DC-9DC0-2E86A0AB59F9}.Debug|Any CPU.Build.0 = Debug|Any CPU
		{80813922-BFA7-41DC-9DC0-2E86A0AB59F9}.Release|Any CPU.ActiveCfg = Release|Any CPU
		{80813922-BFA7-41DC-9DC0-2E86A0AB59F9}.Release|Any CPU.Build.0 = Release|Any CPU
		{88F52436-24FE-48C4-8E14-2F8E8E8B5476}.Debug|Any CPU.ActiveCfg = Debug|Any CPU
		{88F52436-24FE-48C4-8E14-2F8E8E8B5476}.Debug|Any CPU.Build.0 = Debug|Any CPU
		{88F52436-24FE-48C4-8E14-2F8E8E8B5476}.Release|Any CPU.ActiveCfg = Release|Any CPU
		{88F52436-24FE-48C4-8E14-2F8E8E8B5476}.Release|Any CPU.Build.0 = Release|Any CPU
	EndGlobalSection
	GlobalSection(SolutionProperties) = preSolution
		HideSolutionNode = FALSE
	EndGlobalSection
EndGlobal
