
Microsoft Visual Studio Solution File, Format Version 10.00
# Visual Studio 2008
Project("{FAE04EC0-301F-11D3-BF4B-00C04F79EFBC}") = "Framework", "Framework\Framework.csproj", "{7F7862F6-190D-4B91-9F0D-6526A90B473D}"
EndProject
Project("{FAE04EC0-301F-11D3-BF4B-00C04F79EFBC}") = "FrontEnd", "FrontEnd\FrontEnd.csproj", "{AF488545-87A9-4314-AC42-2D2BD20BC581}"
EndProject
Project("{FAE04EC0-301F-11D3-BF4B-00C04F79EFBC}") = "SynergyGraphics", "Graphics\SynergyGraphics.csproj", "{405356A3-E8E6-4CAC-AFF3-EFA4DBB16F09}"
	ProjectSection(ProjectDependencies) = postProject
		{234303EE-2883-407A-BEA6-47EC1501C788} = {234303EE-2883-407A-BEA6-47EC1501C788}
	EndProjectSection
EndProject
Project("{FAE04EC0-301F-11D3-BF4B-00C04F79EFBC}") = "SynergyTemplate", "Template\SynergyTemplate.csproj", "{234303EE-2883-407A-BEA6-47EC1501C788}"
EndProject
Project("{FAE04EC0-301F-11D3-BF4B-00C04F79EFBC}") = "SynergyGraphicsTest", "SynergyGraphicsTest\SynergyGraphicsTest.csproj", "{63412F3B-6901-4016-AAE0-2C374AD764DB}"
EndProject
Project("{FAE04EC0-301F-11D3-BF4B-00C04F79EFBC}") = "SynergyClient", "SynergyClient\SynergyClient.csproj", "{D411FDE8-E669-431B-9520-0DC10CE0A45A}"
EndProject
Global
	GlobalSection(SolutionConfigurationPlatforms) = preSolution
		Debug|Any CPU = Debug|Any CPU
		Release|Any CPU = Release|Any CPU
	EndGlobalSection
	GlobalSection(ProjectConfigurationPlatforms) = postSolution
		{7F7862F6-190D-4B91-9F0D-6526A90B473D}.Debug|Any CPU.ActiveCfg = Debug|Any CPU
		{7F7862F6-190D-4B91-9F0D-6526A90B473D}.Debug|Any CPU.Build.0 = Debug|Any CPU
		{7F7862F6-190D-4B91-9F0D-6526A90B473D}.Release|Any CPU.ActiveCfg = Release|Any CPU
		{7F7862F6-190D-4B91-9F0D-6526A90B473D}.Release|Any CPU.Build.0 = Release|Any CPU
		{AF488545-87A9-4314-AC42-2D2BD20BC581}.Debug|Any CPU.ActiveCfg = Debug|Any CPU
		{AF488545-87A9-4314-AC42-2D2BD20BC581}.Debug|Any CPU.Build.0 = Debug|Any CPU
		{AF488545-87A9-4314-AC42-2D2BD20BC581}.Release|Any CPU.ActiveCfg = Release|Any CPU
		{AF488545-87A9-4314-AC42-2D2BD20BC581}.Release|Any CPU.Build.0 = Release|Any CPU
		{405356A3-E8E6-4CAC-AFF3-EFA4DBB16F09}.Debug|Any CPU.ActiveCfg = Debug|Any CPU
		{405356A3-E8E6-4CAC-AFF3-EFA4DBB16F09}.Debug|Any CPU.Build.0 = Debug|Any CPU
		{405356A3-E8E6-4CAC-AFF3-EFA4DBB16F09}.Release|Any CPU.ActiveCfg = Release|Any CPU
		{405356A3-E8E6-4CAC-AFF3-EFA4DBB16F09}.Release|Any CPU.Build.0 = Release|Any CPU
		{234303EE-2883-407A-BEA6-47EC1501C788}.Debug|Any CPU.ActiveCfg = Debug|Any CPU
		{234303EE-2883-407A-BEA6-47EC1501C788}.Debug|Any CPU.Build.0 = Debug|Any CPU
		{234303EE-2883-407A-BEA6-47EC1501C788}.Release|Any CPU.ActiveCfg = Release|Any CPU
		{234303EE-2883-407A-BEA6-47EC1501C788}.Release|Any CPU.Build.0 = Release|Any CPU
		{63412F3B-6901-4016-AAE0-2C374AD764DB}.Debug|Any CPU.ActiveCfg = Debug|Any CPU
		{63412F3B-6901-4016-AAE0-2C374AD764DB}.Debug|Any CPU.Build.0 = Debug|Any CPU
		{63412F3B-6901-4016-AAE0-2C374AD764DB}.Release|Any CPU.ActiveCfg = Release|Any CPU
		{63412F3B-6901-4016-AAE0-2C374AD764DB}.Release|Any CPU.Build.0 = Release|Any CPU
		{D411FDE8-E669-431B-9520-0DC10CE0A45A}.Debug|Any CPU.ActiveCfg = Debug|Any CPU
		{D411FDE8-E669-431B-9520-0DC10CE0A45A}.Debug|Any CPU.Build.0 = Debug|Any CPU
		{D411FDE8-E669-431B-9520-0DC10CE0A45A}.Release|Any CPU.ActiveCfg = Release|Any CPU
		{D411FDE8-E669-431B-9520-0DC10CE0A45A}.Release|Any CPU.Build.0 = Release|Any CPU
	EndGlobalSection
	GlobalSection(SolutionProperties) = preSolution
		HideSolutionNode = FALSE
	EndGlobalSection
EndGlobal
