
Microsoft Visual Studio Solution File, Format Version 10.00
# Visual Studio 2008
Project("{FAE04EC0-301F-11D3-BF4B-00C04F79EFBC}") = "FrontEnd", "MainStationFrontEnd\FrontEnd.csproj", "{718AE9EA-1C8C-4643-93D9-80680DB5B96E}"
EndProject
Project("{FAE04EC0-301F-11D3-BF4B-00C04F79EFBC}") = "SynergySequence", "SynergySequence\SynergySequence.csproj", "{80813922-BFA7-41DC-9DC0-2E86A0AB59F9}"
EndProject
Project("{FAE04EC0-301F-11D3-BF4B-00C04F79EFBC}") = "DesktopCodeBlocks", "DesktopCodeBlocks\DesktopCodeBlocks.csproj", "{88F52436-24FE-48C4-8E14-2F8E8E8B5476}"
EndProject
Project("{FAE04EC0-301F-11D3-BF4B-00C04F79EFBC}") = "DesktopClient", "DesktopClient\DesktopClient.csproj", "{FBF37D61-57D1-4FFB-9D04-BF517FD50902}"
EndProject
Project("{FAE04EC0-301F-11D3-BF4B-00C04F79EFBC}") = "WebInterface", "WebInterface\WebInterface.csproj", "{2813D323-8B45-4AF3-8FC8-FBB5F0467748}"
EndProject
Project("{FAE04EC0-301F-11D3-BF4B-00C04F79EFBC}") = "LazyNetworking", "LazyNetworking\LazyNetworking.csproj", "{21DED97D-08C2-402B-A143-8913F285F01F}"
EndProject
Project("{FAE04EC0-301F-11D3-BF4B-00C04F79EFBC}") = "K8055", "K8055\K8055.csproj", "{06502D43-9D05-4AA1-8D22-B7AB29095DF9}"
EndProject
Project("{FAE04EC0-301F-11D3-BF4B-00C04F79EFBC}") = "MainStation", "MainStation\MainStation.csproj", "{1559E9F3-8F17-4AF8-AF6A-D2202537A35C}"
EndProject
Project("{FAE04EC0-301F-11D3-BF4B-00C04F79EFBC}") = "Utilities", "Utilities\Utilities.csproj", "{734BFF20-584F-49A5-BCCB-0788F126896F}"
EndProject
Global
	GlobalSection(SolutionConfigurationPlatforms) = preSolution
		Debug|Any CPU = Debug|Any CPU
		Release|Any CPU = Release|Any CPU
	EndGlobalSection
	GlobalSection(ProjectConfigurationPlatforms) = postSolution
		{718AE9EA-1C8C-4643-93D9-80680DB5B96E}.Debug|Any CPU.ActiveCfg = Debug|Any CPU
		{718AE9EA-1C8C-4643-93D9-80680DB5B96E}.Debug|Any CPU.Build.0 = Debug|Any CPU
		{718AE9EA-1C8C-4643-93D9-80680DB5B96E}.Release|Any CPU.ActiveCfg = Release|Any CPU
		{718AE9EA-1C8C-4643-93D9-80680DB5B96E}.Release|Any CPU.Build.0 = Release|Any CPU
		{80813922-BFA7-41DC-9DC0-2E86A0AB59F9}.Debug|Any CPU.ActiveCfg = Debug|Any CPU
		{80813922-BFA7-41DC-9DC0-2E86A0AB59F9}.Debug|Any CPU.Build.0 = Debug|Any CPU
		{80813922-BFA7-41DC-9DC0-2E86A0AB59F9}.Release|Any CPU.ActiveCfg = Release|Any CPU
		{80813922-BFA7-41DC-9DC0-2E86A0AB59F9}.Release|Any CPU.Build.0 = Release|Any CPU
		{88F52436-24FE-48C4-8E14-2F8E8E8B5476}.Debug|Any CPU.ActiveCfg = Debug|Any CPU
		{88F52436-24FE-48C4-8E14-2F8E8E8B5476}.Debug|Any CPU.Build.0 = Debug|Any CPU
		{88F52436-24FE-48C4-8E14-2F8E8E8B5476}.Release|Any CPU.ActiveCfg = Release|Any CPU
		{88F52436-24FE-48C4-8E14-2F8E8E8B5476}.Release|Any CPU.Build.0 = Release|Any CPU
		{FBF37D61-57D1-4FFB-9D04-BF517FD50902}.Debug|Any CPU.ActiveCfg = Debug|Any CPU
		{FBF37D61-57D1-4FFB-9D04-BF517FD50902}.Debug|Any CPU.Build.0 = Debug|Any CPU
		{FBF37D61-57D1-4FFB-9D04-BF517FD50902}.Release|Any CPU.ActiveCfg = Release|Any CPU
		{FBF37D61-57D1-4FFB-9D04-BF517FD50902}.Release|Any CPU.Build.0 = Release|Any CPU
		{2813D323-8B45-4AF3-8FC8-FBB5F0467748}.Debug|Any CPU.ActiveCfg = Debug|Any CPU
		{2813D323-8B45-4AF3-8FC8-FBB5F0467748}.Debug|Any CPU.Build.0 = Debug|Any CPU
		{2813D323-8B45-4AF3-8FC8-FBB5F0467748}.Release|Any CPU.ActiveCfg = Release|Any CPU
		{2813D323-8B45-4AF3-8FC8-FBB5F0467748}.Release|Any CPU.Build.0 = Release|Any CPU
		{21DED97D-08C2-402B-A143-8913F285F01F}.Debug|Any CPU.ActiveCfg = Debug|Any CPU
		{21DED97D-08C2-402B-A143-8913F285F01F}.Debug|Any CPU.Build.0 = Debug|Any CPU
		{21DED97D-08C2-402B-A143-8913F285F01F}.Release|Any CPU.ActiveCfg = Release|Any CPU
		{21DED97D-08C2-402B-A143-8913F285F01F}.Release|Any CPU.Build.0 = Release|Any CPU
		{06502D43-9D05-4AA1-8D22-B7AB29095DF9}.Debug|Any CPU.ActiveCfg = Debug|Any CPU
		{06502D43-9D05-4AA1-8D22-B7AB29095DF9}.Debug|Any CPU.Build.0 = Debug|Any CPU
		{06502D43-9D05-4AA1-8D22-B7AB29095DF9}.Release|Any CPU.ActiveCfg = Release|Any CPU
		{06502D43-9D05-4AA1-8D22-B7AB29095DF9}.Release|Any CPU.Build.0 = Release|Any CPU
		{1559E9F3-8F17-4AF8-AF6A-D2202537A35C}.Debug|Any CPU.ActiveCfg = Debug|Any CPU
		{1559E9F3-8F17-4AF8-AF6A-D2202537A35C}.Debug|Any CPU.Build.0 = Debug|Any CPU
		{1559E9F3-8F17-4AF8-AF6A-D2202537A35C}.Release|Any CPU.ActiveCfg = Release|Any CPU
		{1559E9F3-8F17-4AF8-AF6A-D2202537A35C}.Release|Any CPU.Build.0 = Release|Any CPU
		{734BFF20-584F-49A5-BCCB-0788F126896F}.Debug|Any CPU.ActiveCfg = Debug|Any CPU
		{734BFF20-584F-49A5-BCCB-0788F126896F}.Debug|Any CPU.Build.0 = Debug|Any CPU
		{734BFF20-584F-49A5-BCCB-0788F126896F}.Release|Any CPU.ActiveCfg = Release|Any CPU
		{734BFF20-584F-49A5-BCCB-0788F126896F}.Release|Any CPU.Build.0 = Release|Any CPU
	EndGlobalSection
	GlobalSection(SolutionProperties) = preSolution
		HideSolutionNode = FALSE
	EndGlobalSection
EndGlobal
